
Microsoft Visual Studio Solution File, Format Version 12.00
# Visual Studio 15
VisualStudioVersion = 15.0.27703.2035
MinimumVisualStudioVersion = 10.0.40219.1
Project("{FAE04EC0-301F-11D3-BF4B-00C04F79EFBC}") = "FabrikamResidences-Activities", "FabrikamResidences-Activities\FabrikamResidences-Activities.csproj", "{94FFE5C4-3B6B-4032-A38D-F7D932AA6A42}"
EndProject
Global
	GlobalSection(SolutionConfigurationPlatforms) = preSolution
		Debug|Any CPU = Debug|Any CPU
		Release|Any CPU = Release|Any CPU
	EndGlobalSection
	GlobalSection(ProjectConfigurationPlatforms) = postSolution
		{94FFE5C4-3B6B-4032-A38D-F7D932AA6A42}.Debug|Any CPU.ActiveCfg = Debug|Any CPU
		{94FFE5C4-3B6B-4032-A38D-F7D932AA6A42}.Debug|Any CPU.Build.0 = Debug|Any CPU
		{94FFE5C4-3B6B-4032-A38D-F7D932AA6A42}.Release|Any CPU.ActiveCfg = Release|Any CPU
		{94FFE5C4-3B6B-4032-A38D-F7D932AA6A42}.Release|Any CPU.Build.0 = Release|Any CPU
	EndGlobalSection
	GlobalSection(SolutionProperties) = preSolution
		HideSolutionNode = FALSE
	EndGlobalSection
	GlobalSection(ExtensibilityGlobals) = postSolution
		SolutionGuid = {D2F452B6-DF78-44EE-8C21-B735B6B19B12}
	EndGlobalSection
EndGlobal
